
Microsoft Visual Studio Solution File, Format Version 12.00
# Visual Studio Version 16
VisualStudioVersion = 16.0.29123.88
MinimumVisualStudioVersion = 10.0.40219.1
Project("{FAE04EC0-301F-11D3-BF4B-00C04F79EFBC}") = "Tests1.BL", "Tests1.BL\Tests1.BL.csproj", "{E8B27C9C-5D94-4CF7-B838-6D69E97FFC43}"
EndProject
Project("{FAE04EC0-301F-11D3-BF4B-00C04F79EFBC}") = "Tests1.CMD", "Tests1.CMD\Tests1.CMD.csproj", "{745FEC72-97E3-44BF-A0D3-1BD3244D1149}"
EndProject
Project("{FAE04EC0-301F-11D3-BF4B-00C04F79EFBC}") = "Tests1.CMD.Tests", "Tests1.CMD.Tests\Tests1.CMD.Tests.csproj", "{18A61E90-D93C-4273-874E-3F3BD4320A6A}"
EndProject
Project("{9A19103F-16F7-4668-BE54-9A1E7A4F7556}") = "Test1.CMD.NUnit", "Test1.CMD.NUnit\Test1.CMD.NUnit.csproj", "{33E1FEDD-8986-48EC-9128-BAD7897A3440}"
EndProject
Project("{2150E333-8FDC-42A3-9474-1A3956D46DE8}") = "Project1", "Project1", "{024FF049-E48F-4120-A23C-F276C6B7157F}"
EndProject
Project("{2150E333-8FDC-42A3-9474-1A3956D46DE8}") = "Project2", "Project2", "{7EF72722-0357-4F2B-8CC4-B641BC86E436}"
EndProject
Project("{FAE04EC0-301F-11D3-BF4B-00C04F79EFBC}") = "Accounts", "Accounts\Accounts.csproj", "{6B4FDDCA-6D78-49C7-8410-6B47D648F570}"
EndProject
Project("{FAE04EC0-301F-11D3-BF4B-00C04F79EFBC}") = "BankDb", "BankDb\BankDb.csproj", "{A2A3CC82-49C0-4F92-A6AD-E8D30849A566}"
EndProject
Project("{FAE04EC0-301F-11D3-BF4B-00C04F79EFBC}") = "AccountsMyTests", "AccountsMyTests\AccountsMyTests.csproj", "{B9ABCA78-4ABC-42E0-B67E-577BF5D8A86D}"
EndProject
Project("{2150E333-8FDC-42A3-9474-1A3956D46DE8}") = "Project3", "Project3", "{0904EA02-47C5-4E1A-AE55-FBFB022B3A27}"
EndProject
Project("{FAE04EC0-301F-11D3-BF4B-00C04F79EFBC}") = "Bank", "Bank\Bank.csproj", "{965A5CFA-FC7C-4E35-98B8-AC758716DA2B}"
EndProject
Project("{FAE04EC0-301F-11D3-BF4B-00C04F79EFBC}") = "BankTests", "BankTests\BankTests.csproj", "{67331157-D77D-48A1-A60B-5287798EF6FE}"
EndProject
Project("{2150E333-8FDC-42A3-9474-1A3956D46DE8}") = "Project4", "Project4", "{5102F82A-60EF-484A-82CD-6E7C870689E3}"
EndProject
Project("{FAE04EC0-301F-11D3-BF4B-00C04F79EFBC}") = "Interface", "Interface\Interface.csproj", "{1990D6EA-B64A-4433-811A-BD6BFAAE9AF6}"
EndProject
Project("{FAE04EC0-301F-11D3-BF4B-00C04F79EFBC}") = "Classes", "Classes\Classes.csproj", "{58BD7906-F29E-4B42-92E7-D603A3C5BB8E}"
EndProject
Project("{FAE04EC0-301F-11D3-BF4B-00C04F79EFBC}") = "Tests", "Tests\Tests.csproj", "{0E56D5DF-B228-4933-B62E-F4FAA11EB058}"
EndProject
Global
	GlobalSection(SolutionConfigurationPlatforms) = preSolution
		Debug|Any CPU = Debug|Any CPU
		Release|Any CPU = Release|Any CPU
	EndGlobalSection
	GlobalSection(ProjectConfigurationPlatforms) = postSolution
		{E8B27C9C-5D94-4CF7-B838-6D69E97FFC43}.Debug|Any CPU.ActiveCfg = Debug|Any CPU
		{E8B27C9C-5D94-4CF7-B838-6D69E97FFC43}.Debug|Any CPU.Build.0 = Debug|Any CPU
		{E8B27C9C-5D94-4CF7-B838-6D69E97FFC43}.Release|Any CPU.ActiveCfg = Release|Any CPU
		{E8B27C9C-5D94-4CF7-B838-6D69E97FFC43}.Release|Any CPU.Build.0 = Release|Any CPU
		{745FEC72-97E3-44BF-A0D3-1BD3244D1149}.Debug|Any CPU.ActiveCfg = Debug|Any CPU
		{745FEC72-97E3-44BF-A0D3-1BD3244D1149}.Debug|Any CPU.Build.0 = Debug|Any CPU
		{745FEC72-97E3-44BF-A0D3-1BD3244D1149}.Release|Any CPU.ActiveCfg = Release|Any CPU
		{745FEC72-97E3-44BF-A0D3-1BD3244D1149}.Release|Any CPU.Build.0 = Release|Any CPU
		{18A61E90-D93C-4273-874E-3F3BD4320A6A}.Debug|Any CPU.ActiveCfg = Debug|Any CPU
		{18A61E90-D93C-4273-874E-3F3BD4320A6A}.Debug|Any CPU.Build.0 = Debug|Any CPU
		{18A61E90-D93C-4273-874E-3F3BD4320A6A}.Release|Any CPU.ActiveCfg = Release|Any CPU
		{18A61E90-D93C-4273-874E-3F3BD4320A6A}.Release|Any CPU.Build.0 = Release|Any CPU
		{33E1FEDD-8986-48EC-9128-BAD7897A3440}.Debug|Any CPU.ActiveCfg = Debug|Any CPU
		{33E1FEDD-8986-48EC-9128-BAD7897A3440}.Debug|Any CPU.Build.0 = Debug|Any CPU
		{33E1FEDD-8986-48EC-9128-BAD7897A3440}.Release|Any CPU.ActiveCfg = Release|Any CPU
		{33E1FEDD-8986-48EC-9128-BAD7897A3440}.Release|Any CPU.Build.0 = Release|Any CPU
		{6B4FDDCA-6D78-49C7-8410-6B47D648F570}.Debug|Any CPU.ActiveCfg = Debug|Any CPU
		{6B4FDDCA-6D78-49C7-8410-6B47D648F570}.Debug|Any CPU.Build.0 = Debug|Any CPU
		{6B4FDDCA-6D78-49C7-8410-6B47D648F570}.Release|Any CPU.ActiveCfg = Release|Any CPU
		{6B4FDDCA-6D78-49C7-8410-6B47D648F570}.Release|Any CPU.Build.0 = Release|Any CPU
		{A2A3CC82-49C0-4F92-A6AD-E8D30849A566}.Debug|Any CPU.ActiveCfg = Debug|Any CPU
		{A2A3CC82-49C0-4F92-A6AD-E8D30849A566}.Debug|Any CPU.Build.0 = Debug|Any CPU
		{A2A3CC82-49C0-4F92-A6AD-E8D30849A566}.Release|Any CPU.ActiveCfg = Release|Any CPU
		{A2A3CC82-49C0-4F92-A6AD-E8D30849A566}.Release|Any CPU.Build.0 = Release|Any CPU
		{B9ABCA78-4ABC-42E0-B67E-577BF5D8A86D}.Debug|Any CPU.ActiveCfg = Debug|Any CPU
		{B9ABCA78-4ABC-42E0-B67E-577BF5D8A86D}.Debug|Any CPU.Build.0 = Debug|Any CPU
		{B9ABCA78-4ABC-42E0-B67E-577BF5D8A86D}.Release|Any CPU.ActiveCfg = Release|Any CPU
		{B9ABCA78-4ABC-42E0-B67E-577BF5D8A86D}.Release|Any CPU.Build.0 = Release|Any CPU
		{965A5CFA-FC7C-4E35-98B8-AC758716DA2B}.Debug|Any CPU.ActiveCfg = Debug|Any CPU
		{965A5CFA-FC7C-4E35-98B8-AC758716DA2B}.Debug|Any CPU.Build.0 = Debug|Any CPU
		{965A5CFA-FC7C-4E35-98B8-AC758716DA2B}.Release|Any CPU.ActiveCfg = Release|Any CPU
		{965A5CFA-FC7C-4E35-98B8-AC758716DA2B}.Release|Any CPU.Build.0 = Release|Any CPU
		{67331157-D77D-48A1-A60B-5287798EF6FE}.Debug|Any CPU.ActiveCfg = Debug|Any CPU
		{67331157-D77D-48A1-A60B-5287798EF6FE}.Debug|Any CPU.Build.0 = Debug|Any CPU
		{67331157-D77D-48A1-A60B-5287798EF6FE}.Release|Any CPU.ActiveCfg = Release|Any CPU
		{67331157-D77D-48A1-A60B-5287798EF6FE}.Release|Any CPU.Build.0 = Release|Any CPU
		{1990D6EA-B64A-4433-811A-BD6BFAAE9AF6}.Debug|Any CPU.ActiveCfg = Debug|Any CPU
		{1990D6EA-B64A-4433-811A-BD6BFAAE9AF6}.Debug|Any CPU.Build.0 = Debug|Any CPU
		{1990D6EA-B64A-4433-811A-BD6BFAAE9AF6}.Release|Any CPU.ActiveCfg = Release|Any CPU
		{1990D6EA-B64A-4433-811A-BD6BFAAE9AF6}.Release|Any CPU.Build.0 = Release|Any CPU
		{58BD7906-F29E-4B42-92E7-D603A3C5BB8E}.Debug|Any CPU.ActiveCfg = Debug|Any CPU
		{58BD7906-F29E-4B42-92E7-D603A3C5BB8E}.Debug|Any CPU.Build.0 = Debug|Any CPU
		{58BD7906-F29E-4B42-92E7-D603A3C5BB8E}.Release|Any CPU.ActiveCfg = Release|Any CPU
		{58BD7906-F29E-4B42-92E7-D603A3C5BB8E}.Release|Any CPU.Build.0 = Release|Any CPU
		{0E56D5DF-B228-4933-B62E-F4FAA11EB058}.Debug|Any CPU.ActiveCfg = Debug|Any CPU
		{0E56D5DF-B228-4933-B62E-F4FAA11EB058}.Debug|Any CPU.Build.0 = Debug|Any CPU
		{0E56D5DF-B228-4933-B62E-F4FAA11EB058}.Release|Any CPU.ActiveCfg = Release|Any CPU
		{0E56D5DF-B228-4933-B62E-F4FAA11EB058}.Release|Any CPU.Build.0 = Release|Any CPU
	EndGlobalSection
	GlobalSection(SolutionProperties) = preSolution
		HideSolutionNode = FALSE
	EndGlobalSection
	GlobalSection(NestedProjects) = preSolution
		{E8B27C9C-5D94-4CF7-B838-6D69E97FFC43} = {024FF049-E48F-4120-A23C-F276C6B7157F}
		{745FEC72-97E3-44BF-A0D3-1BD3244D1149} = {024FF049-E48F-4120-A23C-F276C6B7157F}
		{18A61E90-D93C-4273-874E-3F3BD4320A6A} = {024FF049-E48F-4120-A23C-F276C6B7157F}
		{33E1FEDD-8986-48EC-9128-BAD7897A3440} = {024FF049-E48F-4120-A23C-F276C6B7157F}
		{6B4FDDCA-6D78-49C7-8410-6B47D648F570} = {7EF72722-0357-4F2B-8CC4-B641BC86E436}
		{A2A3CC82-49C0-4F92-A6AD-E8D30849A566} = {7EF72722-0357-4F2B-8CC4-B641BC86E436}
		{B9ABCA78-4ABC-42E0-B67E-577BF5D8A86D} = {7EF72722-0357-4F2B-8CC4-B641BC86E436}
		{965A5CFA-FC7C-4E35-98B8-AC758716DA2B} = {0904EA02-47C5-4E1A-AE55-FBFB022B3A27}
		{67331157-D77D-48A1-A60B-5287798EF6FE} = {0904EA02-47C5-4E1A-AE55-FBFB022B3A27}
		{1990D6EA-B64A-4433-811A-BD6BFAAE9AF6} = {5102F82A-60EF-484A-82CD-6E7C870689E3}
		{58BD7906-F29E-4B42-92E7-D603A3C5BB8E} = {5102F82A-60EF-484A-82CD-6E7C870689E3}
		{0E56D5DF-B228-4933-B62E-F4FAA11EB058} = {5102F82A-60EF-484A-82CD-6E7C870689E3}
	EndGlobalSection
	GlobalSection(ExtensibilityGlobals) = postSolution
		SolutionGuid = {63EFFE90-6564-4E30-A357-30BE47A01658}
	EndGlobalSection
EndGlobal
